// !$*UTF8*$!
{
	archiveVersion = 1;
	classes = {
	};
	objectVersion = 50;
	objects = {

/* Begin PBXBuildFile section */
		030F0884250AC22900DF9BC7 /* AppDelegate.swift in Sources */ = {isa = PBXBuildFile; fileRef = 030F0883250AC22900DF9BC7 /* AppDelegate.swift */; };
		030F0886250AC22900DF9BC7 /* SceneDelegate.swift in Sources */ = {isa = PBXBuildFile; fileRef = 030F0885250AC22900DF9BC7 /* SceneDelegate.swift */; };
		030F088D250AC23000DF9BC7 /* Assets.xcassets in Resources */ = {isa = PBXBuildFile; fileRef = 030F088C250AC23000DF9BC7 /* Assets.xcassets */; };
		030F0890250AC23000DF9BC7 /* LaunchScreen.storyboard in Resources */ = {isa = PBXBuildFile; fileRef = 030F088E250AC23000DF9BC7 /* LaunchScreen.storyboard */; };
		030F089A250AC31100DF9BC7 /* Recipe.swift in Sources */ = {isa = PBXBuildFile; fileRef = 030F0899250AC31100DF9BC7 /* Recipe.swift */; };
		030F089C250ACE1000DF9BC7 /* RecipesTableViewController.swift in Sources */ = {isa = PBXBuildFile; fileRef = 030F089B250ACE1000DF9BC7 /* RecipesTableViewController.swift */; };
		030F08AD250AE40D00DF9BC7 /* RecipesViewModel.swift in Sources */ = {isa = PBXBuildFile; fileRef = 030F08AC250AE40D00DF9BC7 /* RecipesViewModel.swift */; };
		030F08AF250AE5F000DF9BC7 /* RecipesTableViewCell.swift in Sources */ = {isa = PBXBuildFile; fileRef = 030F08AE250AE5F000DF9BC7 /* RecipesTableViewCell.swift */; };
		030F08B1250AEE8600DF9BC7 /* RecipeDetailsViewController.swift in Sources */ = {isa = PBXBuildFile; fileRef = 030F08B0250AEE8600DF9BC7 /* RecipeDetailsViewController.swift */; };
/* End PBXBuildFile section */

/* Begin PBXFileReference section */
		030F0880250AC22900DF9BC7 /* EasyRecipe.app */ = {isa = PBXFileReference; explicitFileType = wrapper.application; includeInIndex = 0; path = EasyRecipe.app; sourceTree = BUILT_PRODUCTS_DIR; };
		030F0883250AC22900DF9BC7 /* AppDelegate.swift */ = {isa = PBXFileReference; lastKnownFileType = sourcecode.swift; path = AppDelegate.swift; sourceTree = "<group>"; };
		030F0885250AC22900DF9BC7 /* SceneDelegate.swift */ = {isa = PBXFileReference; lastKnownFileType = sourcecode.swift; path = SceneDelegate.swift; sourceTree = "<group>"; };
		030F088C250AC23000DF9BC7 /* Assets.xcassets */ = {isa = PBXFileReference; lastKnownFileType = folder.assetcatalog; path = Assets.xcassets; sourceTree = "<group>"; };
		030F088F250AC23000DF9BC7 /* Base */ = {isa = PBXFileReference; lastKnownFileType = file.storyboard; name = Base; path = Base.lproj/LaunchScreen.storyboard; sourceTree = "<group>"; };
		030F0891250AC23000DF9BC7 /* Info.plist */ = {isa = PBXFileReference; lastKnownFileType = text.plist.xml; path = Info.plist; sourceTree = "<group>"; };
		030F0899250AC31100DF9BC7 /* Recipe.swift */ = {isa = PBXFileReference; lastKnownFileType = sourcecode.swift; path = Recipe.swift; sourceTree = "<group>"; };
		030F089B250ACE1000DF9BC7 /* RecipesTableViewController.swift */ = {isa = PBXFileReference; lastKnownFileType = sourcecode.swift; path = RecipesTableViewController.swift; sourceTree = "<group>"; };
		030F08AC250AE40D00DF9BC7 /* RecipesViewModel.swift */ = {isa = PBXFileReference; lastKnownFileType = sourcecode.swift; path = RecipesViewModel.swift; sourceTree = "<group>"; };
		030F08AE250AE5F000DF9BC7 /* RecipesTableViewCell.swift */ = {isa = PBXFileReference; lastKnownFileType = sourcecode.swift; path = RecipesTableViewCell.swift; sourceTree = "<group>"; };
		030F08B0250AEE8600DF9BC7 /* RecipeDetailsViewController.swift */ = {isa = PBXFileReference; lastKnownFileType = sourcecode.swift; path = RecipeDetailsViewController.swift; sourceTree = "<group>"; };
/* End PBXFileReference section */

/* Begin PBXFrameworksBuildPhase section */
		030F087D250AC22900DF9BC7 /* Frameworks */ = {
			isa = PBXFrameworksBuildPhase;
			buildActionMask = 2147483647;
			files = (
			);
			runOnlyForDeploymentPostprocessing = 0;
		};
/* End PBXFrameworksBuildPhase section */

/* Begin PBXGroup section */
		030F0877250AC22900DF9BC7 = {
			isa = PBXGroup;
			children = (
				030F0882250AC22900DF9BC7 /* EasyRecipe */,
				030F0881250AC22900DF9BC7 /* Products */,
			);
			sourceTree = "<group>";
		};
		030F0881250AC22900DF9BC7 /* Products */ = {
			isa = PBXGroup;
			children = (
				030F0880250AC22900DF9BC7 /* EasyRecipe.app */,
			);
			name = Products;
			sourceTree = "<group>";
		};
		030F0882250AC22900DF9BC7 /* EasyRecipe */ = {
			isa = PBXGroup;
			children = (
				030F08A0250ADCF100DF9BC7 /* System */,
				030F089F250ADCE600DF9BC7 /* Network */,
				030F08A6250ADDCE00DF9BC7 /* Common */,
				030F08A1250ADCF900DF9BC7 /* Features */,
				030F088C250AC23000DF9BC7 /* Assets.xcassets */,
				030F088E250AC23000DF9BC7 /* LaunchScreen.storyboard */,
				030F0891250AC23000DF9BC7 /* Info.plist */,
			);
			path = EasyRecipe;
			sourceTree = "<group>";
		};
		030F089F250ADCE600DF9BC7 /* Network */ = {
			isa = PBXGroup;
			children = (
			);
			path = Network;
			sourceTree = "<group>";
		};
		030F08A0250ADCF100DF9BC7 /* System */ = {
			isa = PBXGroup;
			children = (
				030F0883250AC22900DF9BC7 /* AppDelegate.swift */,
				030F0885250AC22900DF9BC7 /* SceneDelegate.swift */,
			);
			path = System;
			sourceTree = "<group>";
		};
		030F08A1250ADCF900DF9BC7 /* Features */ = {
			isa = PBXGroup;
			children = (
				030F08A2250ADD0D00DF9BC7 /* Recipes */,
			);
			path = Features;
			sourceTree = "<group>";
		};
		030F08A2250ADD0D00DF9BC7 /* Recipes */ = {
			isa = PBXGroup;
			children = (
				030F08A7250ADDDB00DF9BC7 /* Model */,
				030F08A4250ADD1F00DF9BC7 /* ViewModel */,
				030F08A3250ADD1700DF9BC7 /* View */,
			);
			path = Recipes;
			sourceTree = "<group>";
		};
		030F08A3250ADD1700DF9BC7 /* View */ = {
			isa = PBXGroup;
			children = (
				030F08A5250ADD2700DF9BC7 /* Controller */,
				030F08A8250ADDEF00DF9BC7 /* Cell */,
			);
			path = View;
			sourceTree = "<group>";
		};
		030F08A4250ADD1F00DF9BC7 /* ViewModel */ = {
			isa = PBXGroup;
			children = (
				030F08AC250AE40D00DF9BC7 /* RecipesViewModel.swift */,
			);
			path = ViewModel;
			sourceTree = "<group>";
		};
		030F08A5250ADD2700DF9BC7 /* Controller */ = {
			isa = PBXGroup;
			children = (
				030F089B250ACE1000DF9BC7 /* RecipesTableViewController.swift */,
				030F08B0250AEE8600DF9BC7 /* RecipeDetailsViewController.swift */,
			);
			path = Controller;
			sourceTree = "<group>";
		};
		030F08A6250ADDCE00DF9BC7 /* Common */ = {
			isa = PBXGroup;
			children = (
				030F08A9250ADDF800DF9BC7 /* Extension */,
			);
			path = Common;
			sourceTree = "<group>";
		};
		030F08A7250ADDDB00DF9BC7 /* Model */ = {
			isa = PBXGroup;
			children = (
				030F0899250AC31100DF9BC7 /* Recipe.swift */,
			);
			path = Model;
			sourceTree = "<group>";
		};
		030F08A8250ADDEF00DF9BC7 /* Cell */ = {
			isa = PBXGroup;
			children = (
				030F08AE250AE5F000DF9BC7 /* RecipesTableViewCell.swift */,
			);
			path = Cell;
			sourceTree = "<group>";
		};
		030F08A9250ADDF800DF9BC7 /* Extension */ = {
			isa = PBXGroup;
			children = (
			);
			path = Extension;
			sourceTree = "<group>";
		};
/* End PBXGroup section */

/* Begin PBXNativeTarget section */
		030F087F250AC22900DF9BC7 /* EasyRecipe */ = {
			isa = PBXNativeTarget;
			buildConfigurationList = 030F0894250AC23000DF9BC7 /* Build configuration list for PBXNativeTarget "EasyRecipe" */;
			buildPhases = (
				030F087C250AC22900DF9BC7 /* Sources */,
				030F087D250AC22900DF9BC7 /* Frameworks */,
				030F087E250AC22900DF9BC7 /* Resources */,
			);
			buildRules = (
			);
			dependencies = (
			);
			name = EasyRecipe;
			productName = EasyRecipe;
			productReference = 030F0880250AC22900DF9BC7 /* EasyRecipe.app */;
			productType = "com.apple.product-type.application";
		};
/* End PBXNativeTarget section */

/* Begin PBXProject section */
		030F0878250AC22900DF9BC7 /* Project object */ = {
			isa = PBXProject;
			attributes = {
				LastSwiftUpdateCheck = 1170;
				LastUpgradeCheck = 1170;
				ORGANIZATIONNAME = "Jaqueline Lemes Botaro";
				TargetAttributes = {
					030F087F250AC22900DF9BC7 = {
						CreatedOnToolsVersion = 11.7;
					};
				};
			};
			buildConfigurationList = 030F087B250AC22900DF9BC7 /* Build configuration list for PBXProject "EasyRecipe" */;
			compatibilityVersion = "Xcode 9.3";
			developmentRegion = en;
			hasScannedForEncodings = 0;
			knownRegions = (
				en,
				Base,
			);
			mainGroup = 030F0877250AC22900DF9BC7;
			productRefGroup = 030F0881250AC22900DF9BC7 /* Products */;
			projectDirPath = "";
			projectRoot = "";
			targets = (
				030F087F250AC22900DF9BC7 /* EasyRecipe */,
			);
		};
/* End PBXProject section */

/* Begin PBXResourcesBuildPhase section */
		030F087E250AC22900DF9BC7 /* Resources */ = {
			isa = PBXResourcesBuildPhase;
			buildActionMask = 2147483647;
			files = (
				030F0890250AC23000DF9BC7 /* LaunchScreen.storyboard in Resources */,
				030F088D250AC23000DF9BC7 /* Assets.xcassets in Resources */,
			);
			runOnlyForDeploymentPostprocessing = 0;
		};
/* End PBXResourcesBuildPhase section */

/* Begin PBXSourcesBuildPhase section */
		030F087C250AC22900DF9BC7 /* Sources */ = {
			isa = PBXSourcesBuildPhase;
			buildActionMask = 2147483647;
			files = (
				030F089A250AC31100DF9BC7 /* Recipe.swift in Sources */,
				030F0884250AC22900DF9BC7 /* AppDelegate.swift in Sources */,
				030F08AD250AE40D00DF9BC7 /* RecipesViewModel.swift in Sources */,
				030F08B1250AEE8600DF9BC7 /* RecipeDetailsViewController.swift in Sources */,
				030F0886250AC22900DF9BC7 /* SceneDelegate.swift in Sources */,
				030F089C250ACE1000DF9BC7 /* RecipesTableViewController.swift in Sources */,
				030F08AF250AE5F000DF9BC7 /* RecipesTableViewCell.swift in Sources */,
			);
			runOnlyForDeploymentPostprocessing = 0;
		};
/* End PBXSourcesBuildPhase section */

/* Begin PBXVariantGroup section */
		030F088E250AC23000DF9BC7 /* LaunchScreen.storyboard */ = {
			isa = PBXVariantGroup;
			children = (
				030F088F250AC23000DF9BC7 /* Base */,
			);
			name = LaunchScreen.storyboard;
			sourceTree = "<group>";
		};
/* End PBXVariantGroup section */

/* Begin XCBuildConfiguration section */
		030F0892250AC23000DF9BC7 /* Debug */ = {
			isa = XCBuildConfiguration;
			buildSettings = {
				ALWAYS_SEARCH_USER_PATHS = NO;
				CLANG_ANALYZER_NONNULL = YES;
				CLANG_ANALYZER_NUMBER_OBJECT_CONVERSION = YES_AGGRESSIVE;
				CLANG_CXX_LANGUAGE_STANDARD = "gnu++14";
				CLANG_CXX_LIBRARY = "libc++";
				CLANG_ENABLE_MODULES = YES;
				CLANG_ENABLE_OBJC_ARC = YES;
				CLANG_ENABLE_OBJC_WEAK = YES;
				CLANG_WARN_BLOCK_CAPTURE_AUTORELEASING = YES;
				CLANG_WARN_BOOL_CONVERSION = YES;
				CLANG_WARN_COMMA = YES;
				CLANG_WARN_CONSTANT_CONVERSION = YES;
				CLANG_WARN_DEPRECATED_OBJC_IMPLEMENTATIONS = YES;
				CLANG_WARN_DIRECT_OBJC_ISA_USAGE = YES_ERROR;
				CLANG_WARN_DOCUMENTATION_COMMENTS = YES;
				CLANG_WARN_EMPTY_BODY = YES;
				CLANG_WARN_ENUM_CONVERSION = YES;
				CLANG_WARN_INFINITE_RECURSION = YES;
				CLANG_WARN_INT_CONVERSION = YES;
				CLANG_WARN_NON_LITERAL_NULL_CONVERSION = YES;
				CLANG_WARN_OBJC_IMPLICIT_RETAIN_SELF = YES;
				CLANG_WARN_OBJC_LITERAL_CONVERSION = YES;
				CLANG_WARN_OBJC_ROOT_CLASS = YES_ERROR;
				CLANG_WARN_RANGE_LOOP_ANALYSIS = YES;
				CLANG_WARN_STRICT_PROTOTYPES = YES;
				CLANG_WARN_SUSPICIOUS_MOVE = YES;
				CLANG_WARN_UNGUARDED_AVAILABILITY = YES_AGGRESSIVE;
				CLANG_WARN_UNREACHABLE_CODE = YES;
				CLANG_WARN__DUPLICATE_METHOD_MATCH = YES;
				COPY_PHASE_STRIP = NO;
				DEBUG_INFORMATION_FORMAT = dwarf;
				ENABLE_STRICT_OBJC_MSGSEND = YES;
				ENABLE_TESTABILITY = YES;
				GCC_C_LANGUAGE_STANDARD = gnu11;
				GCC_DYNAMIC_NO_PIC = NO;
				GCC_NO_COMMON_BLOCKS = YES;
				GCC_OPTIMIZATION_LEVEL = 0;
				GCC_PREPROCESSOR_DEFINITIONS = (
					"DEBUG=1",
					"$(inherited)",
				);
				GCC_WARN_64_TO_32_BIT_CONVERSION = YES;
				GCC_WARN_ABOUT_RETURN_TYPE = YES_ERROR;
				GCC_WARN_UNDECLARED_SELECTOR = YES;
				GCC_WARN_UNINITIALIZED_AUTOS = YES_AGGRESSIVE;
				GCC_WARN_UNUSED_FUNCTION = YES;
				GCC_WARN_UNUSED_VARIABLE = YES;
				IPHONEOS_DEPLOYMENT_TARGET = 13.7;
				MTL_ENABLE_DEBUG_INFO = INCLUDE_SOURCE;
				MTL_FAST_MATH = YES;
				ONLY_ACTIVE_ARCH = YES;
				SDKROOT = iphoneos;
				SWIFT_ACTIVE_COMPILATION_CONDITIONS = DEBUG;
				SWIFT_OPTIMIZATION_LEVEL = "-Onone";
			};
			name = Debug;
		};
		030F0893250AC23000DF9BC7 /* Release */ = {
			isa = XCBuildConfiguration;
			buildSettings = {
				ALWAYS_SEARCH_USER_PATHS = NO;
				CLANG_ANALYZER_NONNULL = YES;
				CLANG_ANALYZER_NUMBER_OBJECT_CONVERSION = YES_AGGRESSIVE;
				CLANG_CXX_LANGUAGE_STANDARD = "gnu++14";
				CLANG_CXX_LIBRARY = "libc++";
				CLANG_ENABLE_MODULES = YES;
				CLANG_ENABLE_OBJC_ARC = YES;
				CLANG_ENABLE_OBJC_WEAK = YES;
				CLANG_WARN_BLOCK_CAPTURE_AUTORELEASING = YES;
				CLANG_WARN_BOOL_CONVERSION = YES;
				CLANG_WARN_COMMA = YES;
				CLANG_WARN_CONSTANT_CONVERSION = YES;
				CLANG_WARN_DEPRECATED_OBJC_IMPLEMENTATIONS = YES;
				CLANG_WARN_DIRECT_OBJC_ISA_USAGE = YES_ERROR;
				CLANG_WARN_DOCUMENTATION_COMMENTS = YES;
				CLANG_WARN_EMPTY_BODY = YES;
				CLANG_WARN_ENUM_CONVERSION = YES;
				CLANG_WARN_INFINITE_RECURSION = YES;
				CLANG_WARN_INT_CONVERSION = YES;
				CLANG_WARN_NON_LITERAL_NULL_CONVERSION = YES;
				CLANG_WARN_OBJC_IMPLICIT_RETAIN_SELF = YES;
				CLANG_WARN_OBJC_LITERAL_CONVERSION = YES;
				CLANG_WARN_OBJC_ROOT_CLASS = YES_ERROR;
				CLANG_WARN_RANGE_LOOP_ANALYSIS = YES;
				CLANG_WARN_STRICT_PROTOTYPES = YES;
				CLANG_WARN_SUSPICIOUS_MOVE = YES;
				CLANG_WARN_UNGUARDED_AVAILABILITY = YES_AGGRESSIVE;
				CLANG_WARN_UNREACHABLE_CODE = YES;
				CLANG_WARN__DUPLICATE_METHOD_MATCH = YES;
				COPY_PHASE_STRIP = NO;
				DEBUG_INFORMATION_FORMAT = "dwarf-with-dsym";
				ENABLE_NS_ASSERTIONS = NO;
				ENABLE_STRICT_OBJC_MSGSEND = YES;
				GCC_C_LANGUAGE_STANDARD = gnu11;
				GCC_NO_COMMON_BLOCKS = YES;
				GCC_WARN_64_TO_32_BIT_CONVERSION = YES;
				GCC_WARN_ABOUT_RETURN_TYPE = YES_ERROR;
				GCC_WARN_UNDECLARED_SELECTOR = YES;
				GCC_WARN_UNINITIALIZED_AUTOS = YES_AGGRESSIVE;
				GCC_WARN_UNUSED_FUNCTION = YES;
				GCC_WARN_UNUSED_VARIABLE = YES;
				IPHONEOS_DEPLOYMENT_TARGET = 13.7;
				MTL_ENABLE_DEBUG_INFO = NO;
				MTL_FAST_MATH = YES;
				SDKROOT = iphoneos;
				SWIFT_COMPILATION_MODE = wholemodule;
				SWIFT_OPTIMIZATION_LEVEL = "-O";
				VALIDATE_PRODUCT = YES;
			};
			name = Release;
		};
		030F0895250AC23000DF9BC7 /* Debug */ = {
			isa = XCBuildConfiguration;
			buildSettings = {
				ASSETCATALOG_COMPILER_APPICON_NAME = AppIcon;
				CODE_SIGN_STYLE = Automatic;
				DEVELOPMENT_TEAM = 3H5S7N4TTL;
				INFOPLIST_FILE = EasyRecipe/Info.plist;
				LD_RUNPATH_SEARCH_PATHS = (
					"$(inherited)",
					"@executable_path/Frameworks",
				);
				PRODUCT_BUNDLE_IDENTIFIER = jlbotaro.EasyRecipe;
				PRODUCT_NAME = "$(TARGET_NAME)";
				SWIFT_VERSION = 5.0;
				TARGETED_DEVICE_FAMILY = "1,2";
			};
			name = Debug;
		};
		030F0896250AC23000DF9BC7 /* Release */ = {
			isa = XCBuildConfiguration;
			buildSettings = {
				ASSETCATALOG_COMPILER_APPICON_NAME = AppIcon;
				CODE_SIGN_STYLE = Automatic;
				DEVELOPMENT_TEAM = 3H5S7N4TTL;
				INFOPLIST_FILE = EasyRecipe/Info.plist;
				LD_RUNPATH_SEARCH_PATHS = (
					"$(inherited)",
					"@executable_path/Frameworks",
				);
				PRODUCT_BUNDLE_IDENTIFIER = jlbotaro.EasyRecipe;
				PRODUCT_NAME = "$(TARGET_NAME)";
				SWIFT_VERSION = 5.0;
				TARGETED_DEVICE_FAMILY = "1,2";
			};
			name = Release;
		};
/* End XCBuildConfiguration section */

/* Begin XCConfigurationList section */
		030F087B250AC22900DF9BC7 /* Build configuration list for PBXProject "EasyRecipe" */ = {
			isa = XCConfigurationList;
			buildConfigurations = (
				030F0892250AC23000DF9BC7 /* Debug */,
				030F0893250AC23000DF9BC7 /* Release */,
			);
			defaultConfigurationIsVisible = 0;
			defaultConfigurationName = Release;
		};
		030F0894250AC23000DF9BC7 /* Build configuration list for PBXNativeTarget "EasyRecipe" */ = {
			isa = XCConfigurationList;
			buildConfigurations = (
				030F0895250AC23000DF9BC7 /* Debug */,
				030F0896250AC23000DF9BC7 /* Release */,
			);
			defaultConfigurationIsVisible = 0;
			defaultConfigurationName = Release;
		};
/* End XCConfigurationList section */
	};
	rootObject = 030F0878250AC22900DF9BC7 /* Project object */;
}
